
Microsoft Visual Studio Solution File, Format Version 12.00
# Visual Studio 15
VisualStudioVersion = 15.0.27130.2003
MinimumVisualStudioVersion = 10.0.40219.1
Project("{FAE04EC0-301F-11D3-BF4B-00C04F79EFBC}") = "DJMatch", "DJMatch\DJMatch.csproj", "{921248DC-2F7E-49C9-917A-574BEB1B69D8}"
EndProject
Global
	GlobalSection(SolutionConfigurationPlatforms) = preSolution
		Debug|Any CPU = Debug|Any CPU
		Release|Any CPU = Release|Any CPU
	EndGlobalSection
	GlobalSection(ProjectConfigurationPlatforms) = postSolution
		{921248DC-2F7E-49C9-917A-574BEB1B69D8}.Debug|Any CPU.ActiveCfg = Debug|Any CPU
		{921248DC-2F7E-49C9-917A-574BEB1B69D8}.Debug|Any CPU.Build.0 = Debug|Any CPU
		{921248DC-2F7E-49C9-917A-574BEB1B69D8}.Release|Any CPU.ActiveCfg = Release|Any CPU
		{921248DC-2F7E-49C9-917A-574BEB1B69D8}.Release|Any CPU.Build.0 = Release|Any CPU
	EndGlobalSection
	GlobalSection(SolutionProperties) = preSolution
		HideSolutionNode = FALSE
	EndGlobalSection
	GlobalSection(ExtensibilityGlobals) = postSolution
		SolutionGuid = {3FC438C2-C51A-44AC-8C34-8F55FBB82F39}
	EndGlobalSection
EndGlobal
